
Microsoft Visual Studio Solution File, Format Version 12.00
# Visual Studio Version 17
VisualStudioVersion = 17.1.32319.34
MinimumVisualStudioVersion = 10.0.40219.1
Project("{FAE04EC0-301F-11D3-BF4B-00C04F79EFBC}") = "Light", "Light.csproj", "{B9030752-E81A-4241-8F91-69BB88A790FB}"
EndProject
Global
	GlobalSection(SolutionConfigurationPlatforms) = preSolution
		Debug|Any CPU = Debug|Any CPU
		Release|Any CPU = Release|Any CPU
	EndGlobalSection
	GlobalSection(ProjectConfigurationPlatforms) = postSolution
		{B9030752-E81A-4241-8F91-69BB88A790FB}.Debug|Any CPU.ActiveCfg = Debug|Any CPU
		{B9030752-E81A-4241-8F91-69BB88A790FB}.Debug|Any CPU.Build.0 = Debug|Any CPU
		{B9030752-E81A-4241-8F91-69BB88A790FB}.Release|Any CPU.ActiveCfg = Release|Any CPU
		{B9030752-E81A-4241-8F91-69BB88A790FB}.Release|Any CPU.Build.0 = Release|Any CPU
	EndGlobalSection
	GlobalSection(SolutionProperties) = preSolution
		HideSolutionNode = FALSE
	EndGlobalSection
	GlobalSection(ExtensibilityGlobals) = postSolution
		SolutionGuid = {7B8AD6BF-5A39-41E0-8A43-030CAFF3F390}
	EndGlobalSection
EndGlobal
